
Microsoft Visual Studio Solution File, Format Version 12.00
# Visual Studio 15
Project("{FAE04EC0-301F-11D3-BF4B-00C04F79EFBC}") = "Assembly-CSharp", "Assembly-CSharp.csproj", "{DE8FDB86-864D-EE9E-1E6D-B0104922066A}"
EndProject
Project("{FAE04EC0-301F-11D3-BF4B-00C04F79EFBC}") = "Assembly-CSharp-Editor", "Assembly-CSharp-Editor.csproj", "{1E171E65-3E28-D7C4-A19B-26D8A92FB634}"
EndProject
Global
	GlobalSection(SolutionConfigurationPlatforms) = preSolution
		Debug|Any CPU = Debug|Any CPU
		Release|Any CPU = Release|Any CPU
	EndGlobalSection
	GlobalSection(ProjectConfigurationPlatforms) = postSolution
		{DE8FDB86-864D-EE9E-1E6D-B0104922066A}.Debug|Any CPU.ActiveCfg = Debug|Any CPU
		{DE8FDB86-864D-EE9E-1E6D-B0104922066A}.Debug|Any CPU.Build.0 = Debug|Any CPU
		{DE8FDB86-864D-EE9E-1E6D-B0104922066A}.Release|Any CPU.ActiveCfg = Release|Any CPU
		{DE8FDB86-864D-EE9E-1E6D-B0104922066A}.Release|Any CPU.Build.0 = Release|Any CPU
		{1E171E65-3E28-D7C4-A19B-26D8A92FB634}.Debug|Any CPU.ActiveCfg = Debug|Any CPU
		{1E171E65-3E28-D7C4-A19B-26D8A92FB634}.Debug|Any CPU.Build.0 = Debug|Any CPU
		{1E171E65-3E28-D7C4-A19B-26D8A92FB634}.Release|Any CPU.ActiveCfg = Release|Any CPU
		{1E171E65-3E28-D7C4-A19B-26D8A92FB634}.Release|Any CPU.Build.0 = Release|Any CPU
	EndGlobalSection
	GlobalSection(SolutionProperties) = preSolution
		HideSolutionNode = FALSE
	EndGlobalSection
EndGlobal
